
Microsoft Visual Studio Solution File, Format Version 12.00
# Visual Studio Version 16
VisualStudioVersion = 16.0.30711.63
MinimumVisualStudioVersion = 10.0.40219.1
Project("{9A19103F-16F7-4668-BE54-9A1E7A4F7556}") = "HuisAppotheek.WepApi", "HuisAppotheek.WepApi\HuisAppotheek.WepApi.csproj", "{E69E844C-5BB2-4B53-B94E-A7E02998A2A5}"
EndProject
Project("{9A19103F-16F7-4668-BE54-9A1E7A4F7556}") = "HuisAppotheek.WepApp", "HuisAppotheek.WepApp\HuisAppotheek.WepApp.csproj", "{5A7751DC-9950-4161-BA4B-EE6C200BC704}"
EndProject
Project("{FAE04EC0-301F-11D3-BF4B-00C04F79EFBC}") = "HuisAppotheek.Domain", "HuisAppotheek.Domain\HuisAppotheek.Domain.csproj", "{7073F2B2-364B-4884-9CD9-45B53ECBFCFD}"
EndProject
Global
	GlobalSection(SolutionConfigurationPlatforms) = preSolution
		Debug|Any CPU = Debug|Any CPU
		Release|Any CPU = Release|Any CPU
	EndGlobalSection
	GlobalSection(ProjectConfigurationPlatforms) = postSolution
		{E69E844C-5BB2-4B53-B94E-A7E02998A2A5}.Debug|Any CPU.ActiveCfg = Debug|Any CPU
		{E69E844C-5BB2-4B53-B94E-A7E02998A2A5}.Debug|Any CPU.Build.0 = Debug|Any CPU
		{E69E844C-5BB2-4B53-B94E-A7E02998A2A5}.Release|Any CPU.ActiveCfg = Release|Any CPU
		{E69E844C-5BB2-4B53-B94E-A7E02998A2A5}.Release|Any CPU.Build.0 = Release|Any CPU
		{5A7751DC-9950-4161-BA4B-EE6C200BC704}.Debug|Any CPU.ActiveCfg = Debug|Any CPU
		{5A7751DC-9950-4161-BA4B-EE6C200BC704}.Debug|Any CPU.Build.0 = Debug|Any CPU
		{5A7751DC-9950-4161-BA4B-EE6C200BC704}.Release|Any CPU.ActiveCfg = Release|Any CPU
		{5A7751DC-9950-4161-BA4B-EE6C200BC704}.Release|Any CPU.Build.0 = Release|Any CPU
		{7073F2B2-364B-4884-9CD9-45B53ECBFCFD}.Debug|Any CPU.ActiveCfg = Debug|Any CPU
		{7073F2B2-364B-4884-9CD9-45B53ECBFCFD}.Debug|Any CPU.Build.0 = Debug|Any CPU
		{7073F2B2-364B-4884-9CD9-45B53ECBFCFD}.Release|Any CPU.ActiveCfg = Release|Any CPU
		{7073F2B2-364B-4884-9CD9-45B53ECBFCFD}.Release|Any CPU.Build.0 = Release|Any CPU
	EndGlobalSection
	GlobalSection(SolutionProperties) = preSolution
		HideSolutionNode = FALSE
	EndGlobalSection
	GlobalSection(ExtensibilityGlobals) = postSolution
		SolutionGuid = {4B31D1C6-A96D-4B25-A5FF-D53BE3B34DE1}
	EndGlobalSection
EndGlobal
